
Microsoft Visual Studio Solution File, Format Version 12.00
# Visual Studio Version 17
VisualStudioVersion = 17.8.34309.116
MinimumVisualStudioVersion = 10.0.40219.1
Project("{9A19103F-16F7-4668-BE54-9A1E7A4F7556}") = "TwoAPI.Sample.AnnotateMaster", "TwoAPI.Sample.AnnotateMaster.csproj", "{6ACE44CC-F5B9-4011-9903-686EE04B2858}"
EndProject
Global
	GlobalSection(SolutionConfigurationPlatforms) = preSolution
		Debug|Any CPU = Debug|Any CPU
		Release|Any CPU = Release|Any CPU
	EndGlobalSection
	GlobalSection(ProjectConfigurationPlatforms) = postSolution
		{6ACE44CC-F5B9-4011-9903-686EE04B2858}.Debug|Any CPU.ActiveCfg = Debug|Any CPU
		{6ACE44CC-F5B9-4011-9903-686EE04B2858}.Debug|Any CPU.Build.0 = Debug|Any CPU
		{6ACE44CC-F5B9-4011-9903-686EE04B2858}.Release|Any CPU.ActiveCfg = Release|Any CPU
		{6ACE44CC-F5B9-4011-9903-686EE04B2858}.Release|Any CPU.Build.0 = Release|Any CPU
	EndGlobalSection
	GlobalSection(SolutionProperties) = preSolution
		HideSolutionNode = FALSE
	EndGlobalSection
	GlobalSection(ExtensibilityGlobals) = postSolution
		SolutionGuid = {2F9F4C0F-62C1-46E6-B996-EBD0D96ABFC4}
	EndGlobalSection
EndGlobal
